
Microsoft Visual Studio Solution File, Format Version 12.00
# Visual Studio 14
VisualStudioVersion = 14.0.24720.0
MinimumVisualStudioVersion = 10.0.40219.1
Project("{FAE04EC0-301F-11D3-BF4B-00C04F79EFBC}") = "LearningAssistant", "LearningAssistant\LearningAssistant.csproj", "{3E2F55F3-27C9-4C1A-A120-5CCBFCC48273}"
EndProject
Project("{FAE04EC0-301F-11D3-BF4B-00C04F79EFBC}") = "LearningAssistant.TelegramBot", "LearningAssistant.TelegramBot\LearningAssistant.TelegramBot.csproj", "{369975D3-6C69-4DD8-88AA-7B5F5C2B612D}"
EndProject
Project("{FAE04EC0-301F-11D3-BF4B-00C04F79EFBC}") = "LearningAssistant.Database", "LearningAssistant.Database\LearningAssistant.Database.csproj", "{2441E834-FDDD-4D4C-8901-319D69F026E9}"
EndProject
Project("{FAE04EC0-301F-11D3-BF4B-00C04F79EFBC}") = "LearningAssistant.DatabaseTests", "LearningAssistant.DatabaseTests\LearningAssistant.DatabaseTests.csproj", "{FF11F016-9C8F-45C1-B25F-FF4398238EEA}"
EndProject
Global
	GlobalSection(SolutionConfigurationPlatforms) = preSolution
		Debug|Any CPU = Debug|Any CPU
		Release|Any CPU = Release|Any CPU
	EndGlobalSection
	GlobalSection(ProjectConfigurationPlatforms) = postSolution
		{3E2F55F3-27C9-4C1A-A120-5CCBFCC48273}.Debug|Any CPU.ActiveCfg = Debug|Any CPU
		{3E2F55F3-27C9-4C1A-A120-5CCBFCC48273}.Debug|Any CPU.Build.0 = Debug|Any CPU
		{3E2F55F3-27C9-4C1A-A120-5CCBFCC48273}.Release|Any CPU.ActiveCfg = Release|Any CPU
		{3E2F55F3-27C9-4C1A-A120-5CCBFCC48273}.Release|Any CPU.Build.0 = Release|Any CPU
		{369975D3-6C69-4DD8-88AA-7B5F5C2B612D}.Debug|Any CPU.ActiveCfg = Debug|Any CPU
		{369975D3-6C69-4DD8-88AA-7B5F5C2B612D}.Debug|Any CPU.Build.0 = Debug|Any CPU
		{369975D3-6C69-4DD8-88AA-7B5F5C2B612D}.Release|Any CPU.ActiveCfg = Release|Any CPU
		{369975D3-6C69-4DD8-88AA-7B5F5C2B612D}.Release|Any CPU.Build.0 = Release|Any CPU
		{2441E834-FDDD-4D4C-8901-319D69F026E9}.Debug|Any CPU.ActiveCfg = Debug|Any CPU
		{2441E834-FDDD-4D4C-8901-319D69F026E9}.Debug|Any CPU.Build.0 = Debug|Any CPU
		{2441E834-FDDD-4D4C-8901-319D69F026E9}.Release|Any CPU.ActiveCfg = Release|Any CPU
		{2441E834-FDDD-4D4C-8901-319D69F026E9}.Release|Any CPU.Build.0 = Release|Any CPU
		{FF11F016-9C8F-45C1-B25F-FF4398238EEA}.Debug|Any CPU.ActiveCfg = Debug|Any CPU
		{FF11F016-9C8F-45C1-B25F-FF4398238EEA}.Debug|Any CPU.Build.0 = Debug|Any CPU
		{FF11F016-9C8F-45C1-B25F-FF4398238EEA}.Release|Any CPU.ActiveCfg = Release|Any CPU
		{FF11F016-9C8F-45C1-B25F-FF4398238EEA}.Release|Any CPU.Build.0 = Release|Any CPU
	EndGlobalSection
	GlobalSection(SolutionProperties) = preSolution
		HideSolutionNode = FALSE
	EndGlobalSection
EndGlobal
